
Microsoft Visual Studio Solution File, Format Version 12.00
# Visual Studio Version 17
VisualStudioVersion = 17.5.33530.505
MinimumVisualStudioVersion = 10.0.40219.1
Project("{9A19103F-16F7-4668-BE54-9A1E7A4F7556}") = "SupermarketWEB", "SupermarketWEB.csproj", "{95112769-4E1C-432D-9F44-86693BDE359C}"
EndProject
Global
	GlobalSection(SolutionConfigurationPlatforms) = preSolution
		Debug|Any CPU = Debug|Any CPU
		Release|Any CPU = Release|Any CPU
	EndGlobalSection
	GlobalSection(ProjectConfigurationPlatforms) = postSolution
		{95112769-4E1C-432D-9F44-86693BDE359C}.Debug|Any CPU.ActiveCfg = Debug|Any CPU
		{95112769-4E1C-432D-9F44-86693BDE359C}.Debug|Any CPU.Build.0 = Debug|Any CPU
		{95112769-4E1C-432D-9F44-86693BDE359C}.Release|Any CPU.ActiveCfg = Release|Any CPU
		{95112769-4E1C-432D-9F44-86693BDE359C}.Release|Any CPU.Build.0 = Release|Any CPU
	EndGlobalSection
	GlobalSection(SolutionProperties) = preSolution
		HideSolutionNode = FALSE
	EndGlobalSection
	GlobalSection(ExtensibilityGlobals) = postSolution
		SolutionGuid = {8717B51E-139F-469F-830A-E8A47C1CDCDE}
	EndGlobalSection
EndGlobal
